
Microsoft Visual Studio Solution File, Format Version 12.00
# Visual Studio Version 17
VisualStudioVersion = 17.7.34031.279
MinimumVisualStudioVersion = 10.0.40219.1
Project("{FAE04EC0-301F-11D3-BF4B-00C04F79EFBC}") = "tuple task", "tuple task.csproj", "{FA2A29A4-0796-49B3-8421-0AF9AACCBD2A}"
EndProject
Global
	GlobalSection(SolutionConfigurationPlatforms) = preSolution
		Debug|Any CPU = Debug|Any CPU
		Release|Any CPU = Release|Any CPU
	EndGlobalSection
	GlobalSection(ProjectConfigurationPlatforms) = postSolution
		{FA2A29A4-0796-49B3-8421-0AF9AACCBD2A}.Debug|Any CPU.ActiveCfg = Debug|Any CPU
		{FA2A29A4-0796-49B3-8421-0AF9AACCBD2A}.Debug|Any CPU.Build.0 = Debug|Any CPU
		{FA2A29A4-0796-49B3-8421-0AF9AACCBD2A}.Release|Any CPU.ActiveCfg = Release|Any CPU
		{FA2A29A4-0796-49B3-8421-0AF9AACCBD2A}.Release|Any CPU.Build.0 = Release|Any CPU
	EndGlobalSection
	GlobalSection(SolutionProperties) = preSolution
		HideSolutionNode = FALSE
	EndGlobalSection
	GlobalSection(ExtensibilityGlobals) = postSolution
		SolutionGuid = {73A23697-ADBA-459F-83CD-3CBD725E24A9}
	EndGlobalSection
EndGlobal
